
Microsoft Visual Studio Solution File, Format Version 12.00
# Visual Studio Version 16
VisualStudioVersion = 16.0.30413.136
MinimumVisualStudioVersion = 10.0.40219.1
Project("{FAE04EC0-301F-11D3-BF4B-00C04F79EFBC}") = "WallBrite", "WallBrite\WallBrite.csproj", "{D64215F3-1CE8-485F-B359-AB8BD027D5C5}"
EndProject
Project("{2150E333-8FDC-42A3-9474-1A3956D46DE8}") = "Solution Items", "Solution Items", "{BDEC46E6-AC4E-46E0-B18D-D4947E3461CC}"
	ProjectSection(SolutionItems) = preProject
		.editorconfig = .editorconfig
	EndProjectSection
EndProject
Global
	GlobalSection(SolutionConfigurationPlatforms) = preSolution
		Debug|Any CPU = Debug|Any CPU
		Debug|x64 = Debug|x64
		Release|Any CPU = Release|Any CPU
		Release|x64 = Release|x64
		Test|Any CPU = Test|Any CPU
		Test|x64 = Test|x64
	EndGlobalSection
	GlobalSection(ProjectConfigurationPlatforms) = postSolution
		{D64215F3-1CE8-485F-B359-AB8BD027D5C5}.Debug|Any CPU.ActiveCfg = Debug|Any CPU
		{D64215F3-1CE8-485F-B359-AB8BD027D5C5}.Debug|Any CPU.Build.0 = Debug|Any CPU
		{D64215F3-1CE8-485F-B359-AB8BD027D5C5}.Debug|x64.ActiveCfg = Debug|x64
		{D64215F3-1CE8-485F-B359-AB8BD027D5C5}.Debug|x64.Build.0 = Debug|x64
		{D64215F3-1CE8-485F-B359-AB8BD027D5C5}.Release|Any CPU.ActiveCfg = Release|Any CPU
		{D64215F3-1CE8-485F-B359-AB8BD027D5C5}.Release|Any CPU.Build.0 = Release|Any CPU
		{D64215F3-1CE8-485F-B359-AB8BD027D5C5}.Release|x64.ActiveCfg = Release|x64
		{D64215F3-1CE8-485F-B359-AB8BD027D5C5}.Release|x64.Build.0 = Release|x64
		{D64215F3-1CE8-485F-B359-AB8BD027D5C5}.Test|Any CPU.ActiveCfg = Test|Any CPU
		{D64215F3-1CE8-485F-B359-AB8BD027D5C5}.Test|Any CPU.Build.0 = Test|Any CPU
		{D64215F3-1CE8-485F-B359-AB8BD027D5C5}.Test|x64.ActiveCfg = Test|x64
		{D64215F3-1CE8-485F-B359-AB8BD027D5C5}.Test|x64.Build.0 = Test|x64
	EndGlobalSection
	GlobalSection(SolutionProperties) = preSolution
		HideSolutionNode = FALSE
	EndGlobalSection
	GlobalSection(ExtensibilityGlobals) = postSolution
		SolutionGuid = {96232042-BF03-44C0-A576-54D78B9B2A0A}
	EndGlobalSection
EndGlobal
